
Microsoft Visual Studio Solution File, Format Version 12.00
# Visual Studio Version 16
VisualStudioVersion = 16.0.30128.74
MinimumVisualStudioVersion = 10.0.40219.1
Project("{9A19103F-16F7-4668-BE54-9A1E7A4F7556}") = "BlazorGamepad", "BlazorGamepad\BlazorGamepad.csproj", "{6EF106CC-CBEA-4B53-BEFE-0CBB8500237C}"
EndProject
Project("{9A19103F-16F7-4668-BE54-9A1E7A4F7556}") = "Antifree.Blazor.GamepadAPI", "Antifree.Blazor.GamepadAPI\Antifree.Blazor.GamepadAPI.csproj", "{FDA9BCD5-364E-4A16-98B3-5670FB563343}"
EndProject
Global
	GlobalSection(SolutionConfigurationPlatforms) = preSolution
		Debug|Any CPU = Debug|Any CPU
		Release|Any CPU = Release|Any CPU
	EndGlobalSection
	GlobalSection(ProjectConfigurationPlatforms) = postSolution
		{6EF106CC-CBEA-4B53-BEFE-0CBB8500237C}.Debug|Any CPU.ActiveCfg = Debug|Any CPU
		{6EF106CC-CBEA-4B53-BEFE-0CBB8500237C}.Debug|Any CPU.Build.0 = Debug|Any CPU
		{6EF106CC-CBEA-4B53-BEFE-0CBB8500237C}.Release|Any CPU.ActiveCfg = Release|Any CPU
		{6EF106CC-CBEA-4B53-BEFE-0CBB8500237C}.Release|Any CPU.Build.0 = Release|Any CPU
		{FDA9BCD5-364E-4A16-98B3-5670FB563343}.Debug|Any CPU.ActiveCfg = Debug|Any CPU
		{FDA9BCD5-364E-4A16-98B3-5670FB563343}.Debug|Any CPU.Build.0 = Debug|Any CPU
		{FDA9BCD5-364E-4A16-98B3-5670FB563343}.Release|Any CPU.ActiveCfg = Release|Any CPU
		{FDA9BCD5-364E-4A16-98B3-5670FB563343}.Release|Any CPU.Build.0 = Release|Any CPU
	EndGlobalSection
	GlobalSection(SolutionProperties) = preSolution
		HideSolutionNode = FALSE
	EndGlobalSection
	GlobalSection(ExtensibilityGlobals) = postSolution
		SolutionGuid = {B63C2354-4C1D-4ACE-A506-0A9B6A5EB0CA}
	EndGlobalSection
EndGlobal
